// !$*UTF8*$!
{
	archiveVersion = 1;
	classes = {
	};
	objectVersion = 77;
	objects = {

/* Begin PBXContainerItemProxy section */
		2B9F01942DDA9DAE001D0F74 /* PBXContainerItemProxy */ = {
			isa = PBXContainerItemProxy;
			containerPortal = 2B9F017D2DDA9DAC001D0F74 /* Project object */;
			proxyType = 1;
			remoteGlobalIDString = 2B9F01842DDA9DAC001D0F74;
			remoteInfo = "Dynamic Notch Utility";
		};
		2B9F019E2DDA9DAF001D0F74 /* PBXContainerItemProxy */ = {
			isa = PBXContainerItemProxy;
			containerPortal = 2B9F017D2DDA9DAC001D0F74 /* Project object */;
			proxyType = 1;
			remoteGlobalIDString = 2B9F01842DDA9DAC001D0F74;
			remoteInfo = "Dynamic Notch Utility";
		};
/* End PBXContainerItemProxy section */

/* Begin PBXFileReference section */
		2B9F01852DDA9DAC001D0F74 /* Dynamic Notch Utility.app */ = {isa = PBXFileReference; explicitFileType = wrapper.application; includeInIndex = 0; path = "Dynamic Notch Utility.app"; sourceTree = BUILT_PRODUCTS_DIR; };
		2B9F01932DDA9DAE001D0F74 /* Dynamic Notch UtilityTests.xctest */ = {isa = PBXFileReference; explicitFileType = wrapper.cfbundle; includeInIndex = 0; path = "Dynamic Notch UtilityTests.xctest"; sourceTree = BUILT_PRODUCTS_DIR; };
		2B9F019D2DDA9DAF001D0F74 /* Dynamic Notch UtilityUITests.xctest */ = {isa = PBXFileReference; explicitFileType = wrapper.cfbundle; includeInIndex = 0; path = "Dynamic Notch UtilityUITests.xctest"; sourceTree = BUILT_PRODUCTS_DIR; };
/* End PBXFileReference section */

/* Begin PBXFileSystemSynchronizedRootGroup section */
		2B9F01872DDA9DAC001D0F74 /* Dynamic Notch Utility */ = {
			isa = PBXFileSystemSynchronizedRootGroup;
			path = "Dynamic Notch Utility";
			sourceTree = "<group>";
		};
		2B9F01962DDA9DAE001D0F74 /* Dynamic Notch UtilityTests */ = {
			isa = PBXFileSystemSynchronizedRootGroup;
			path = "Dynamic Notch UtilityTests";
			sourceTree = "<group>";
		};
		2B9F01A02DDA9DAF001D0F74 /* Dynamic Notch UtilityUITests */ = {
			isa = PBXFileSystemSynchronizedRootGroup;
			path = "Dynamic Notch UtilityUITests";
			sourceTree = "<group>";
		};
/* End PBXFileSystemSynchronizedRootGroup section */

/* Begin PBXFrameworksBuildPhase section */
		2B9F01822DDA9DAC001D0F74 /* Frameworks */ = {
			isa = PBXFrameworksBuildPhase;
			buildActionMask = 2147483647;
			files = (
			);
			runOnlyForDeploymentPostprocessing = 0;
		};
		2B9F01902DDA9DAE001D0F74 /* Frameworks */ = {
			isa = PBXFrameworksBuildPhase;
			buildActionMask = 2147483647;
			files = (
			);
			runOnlyForDeploymentPostprocessing = 0;
		};
		2B9F019A2DDA9DAF001D0F74 /* Frameworks */ = {
			isa = PBXFrameworksBuildPhase;
			buildActionMask = 2147483647;
			files = (
			);
			runOnlyForDeploymentPostprocessing = 0;
		};
/* End PBXFrameworksBuildPhase section */

/* Begin PBXGroup section */
		2B9F017C2DDA9DAC001D0F74 = {
			isa = PBXGroup;
			children = (
				2B9F01872DDA9DAC001D0F74 /* Dynamic Notch Utility */,
				2B9F01962DDA9DAE001D0F74 /* Dynamic Notch UtilityTests */,
				2B9F01A02DDA9DAF001D0F74 /* Dynamic Notch UtilityUITests */,
				2B9F01862DDA9DAC001D0F74 /* Products */,
			);
			sourceTree = "<group>";
		};
		2B9F01862DDA9DAC001D0F74 /* Products */ = {
			isa = PBXGroup;
			children = (
				2B9F01852DDA9DAC001D0F74 /* Dynamic Notch Utility.app */,
				2B9F01932DDA9DAE001D0F74 /* Dynamic Notch UtilityTests.xctest */,
				2B9F019D2DDA9DAF001D0F74 /* Dynamic Notch UtilityUITests.xctest */,
			);
			name = Products;
			sourceTree = "<group>";
		};
/* End PBXGroup section */

/* Begin PBXNativeTarget section */
		2B9F01842DDA9DAC001D0F74 /* Dynamic Notch Utility */ = {
			isa = PBXNativeTarget;
			buildConfigurationList = 2B9F01A72DDA9DAF001D0F74 /* Build configuration list for PBXNativeTarget "Dynamic Notch Utility" */;
			buildPhases = (
				2B9F01812DDA9DAC001D0F74 /* Sources */,
				2B9F01822DDA9DAC001D0F74 /* Frameworks */,
				2B9F01832DDA9DAC001D0F74 /* Resources */,
			);
			buildRules = (
			);
			dependencies = (
			);
			fileSystemSynchronizedGroups = (
				2B9F01872DDA9DAC001D0F74 /* Dynamic Notch Utility */,
			);
			name = "Dynamic Notch Utility";
			packageProductDependencies = (
			);
			productName = "Dynamic Notch Utility";
			productReference = 2B9F01852DDA9DAC001D0F74 /* Dynamic Notch Utility.app */;
			productType = "com.apple.product-type.application";
		};
		2B9F01922DDA9DAE001D0F74 /* Dynamic Notch UtilityTests */ = {
			isa = PBXNativeTarget;
			buildConfigurationList = 2B9F01AA2DDA9DAF001D0F74 /* Build configuration list for PBXNativeTarget "Dynamic Notch UtilityTests" */;
			buildPhases = (
				2B9F018F2DDA9DAE001D0F74 /* Sources */,
				2B9F01902DDA9DAE001D0F74 /* Frameworks */,
				2B9F01912DDA9DAE001D0F74 /* Resources */,
			);
			buildRules = (
			);
			dependencies = (
				2B9F01952DDA9DAE001D0F74 /* PBXTargetDependency */,
			);
			fileSystemSynchronizedGroups = (
				2B9F01962DDA9DAE001D0F74 /* Dynamic Notch UtilityTests */,
			);
			name = "Dynamic Notch UtilityTests";
			packageProductDependencies = (
			);
			productName = "Dynamic Notch UtilityTests";
			productReference = 2B9F01932DDA9DAE001D0F74 /* Dynamic Notch UtilityTests.xctest */;
			productType = "com.apple.product-type.bundle.unit-test";
		};
		2B9F019C2DDA9DAF001D0F74 /* Dynamic Notch UtilityUITests */ = {
			isa = PBXNativeTarget;
			buildConfigurationList = 2B9F01AD2DDA9DAF001D0F74 /* Build configuration list for PBXNativeTarget "Dynamic Notch UtilityUITests" */;
			buildPhases = (
				2B9F01992DDA9DAF001D0F74 /* Sources */,
				2B9F019A2DDA9DAF001D0F74 /* Frameworks */,
				2B9F019B2DDA9DAF001D0F74 /* Resources */,
			);
			buildRules = (
			);
			dependencies = (
				2B9F019F2DDA9DAF001D0F74 /* PBXTargetDependency */,
			);
			fileSystemSynchronizedGroups = (
				2B9F01A02DDA9DAF001D0F74 /* Dynamic Notch UtilityUITests */,
			);
			name = "Dynamic Notch UtilityUITests";
			packageProductDependencies = (
			);
			productName = "Dynamic Notch UtilityUITests";
			productReference = 2B9F019D2DDA9DAF001D0F74 /* Dynamic Notch UtilityUITests.xctest */;
			productType = "com.apple.product-type.bundle.ui-testing";
		};
/* End PBXNativeTarget section */

/* Begin PBXProject section */
		2B9F017D2DDA9DAC001D0F74 /* Project object */ = {
			isa = PBXProject;
			attributes = {
				BuildIndependentTargetsInParallel = 1;
				LastSwiftUpdateCheck = 1630;
				LastUpgradeCheck = 1630;
				TargetAttributes = {
					2B9F01842DDA9DAC001D0F74 = {
						CreatedOnToolsVersion = 16.3;
					};
					2B9F01922DDA9DAE001D0F74 = {
						CreatedOnToolsVersion = 16.3;
						TestTargetID = 2B9F01842DDA9DAC001D0F74;
					};
					2B9F019C2DDA9DAF001D0F74 = {
						CreatedOnToolsVersion = 16.3;
						TestTargetID = 2B9F01842DDA9DAC001D0F74;
					};
				};
			};
			buildConfigurationList = 2B9F01802DDA9DAC001D0F74 /* Build configuration list for PBXProject "Dynamic Notch Utility" */;
			developmentRegion = en;
			hasScannedForEncodings = 0;
			knownRegions = (
				en,
				Base,
			);
			mainGroup = 2B9F017C2DDA9DAC001D0F74;
			minimizedProjectReferenceProxies = 1;
			preferredProjectObjectVersion = 77;
			productRefGroup = 2B9F01862DDA9DAC001D0F74 /* Products */;
			projectDirPath = "";
			projectRoot = "";
			targets = (
				2B9F01842DDA9DAC001D0F74 /* Dynamic Notch Utility */,
				2B9F01922DDA9DAE001D0F74 /* Dynamic Notch UtilityTests */,
				2B9F019C2DDA9DAF001D0F74 /* Dynamic Notch UtilityUITests */,
			);
		};
/* End PBXProject section */

/* Begin PBXResourcesBuildPhase section */
		2B9F01832DDA9DAC001D0F74 /* Resources */ = {
			isa = PBXResourcesBuildPhase;
			buildActionMask = 2147483647;
			files = (
			);
			runOnlyForDeploymentPostprocessing = 0;
		};
		2B9F01912DDA9DAE001D0F74 /* Resources */ = {
			isa = PBXResourcesBuildPhase;
			buildActionMask = 2147483647;
			files = (
			);
			runOnlyForDeploymentPostprocessing = 0;
		};
		2B9F019B2DDA9DAF001D0F74 /* Resources */ = {
			isa = PBXResourcesBuildPhase;
			buildActionMask = 2147483647;
			files = (
			);
			runOnlyForDeploymentPostprocessing = 0;
		};
/* End PBXResourcesBuildPhase section */

/* Begin PBXSourcesBuildPhase section */
		2B9F01812DDA9DAC001D0F74 /* Sources */ = {
			isa = PBXSourcesBuildPhase;
			buildActionMask = 2147483647;
			files = (
			);
			runOnlyForDeploymentPostprocessing = 0;
		};
		2B9F018F2DDA9DAE001D0F74 /* Sources */ = {
			isa = PBXSourcesBuildPhase;
			buildActionMask = 2147483647;
			files = (
			);
			runOnlyForDeploymentPostprocessing = 0;
		};
		2B9F01992DDA9DAF001D0F74 /* Sources */ = {
			isa = PBXSourcesBuildPhase;
			buildActionMask = 2147483647;
			files = (
			);
			runOnlyForDeploymentPostprocessing = 0;
		};
/* End PBXSourcesBuildPhase section */

/* Begin PBXTargetDependency section */
		2B9F01952DDA9DAE001D0F74 /* PBXTargetDependency */ = {
			isa = PBXTargetDependency;
			target = 2B9F01842DDA9DAC001D0F74 /* Dynamic Notch Utility */;
			targetProxy = 2B9F01942DDA9DAE001D0F74 /* PBXContainerItemProxy */;
		};
		2B9F019F2DDA9DAF001D0F74 /* PBXTargetDependency */ = {
			isa = PBXTargetDependency;
			target = 2B9F01842DDA9DAC001D0F74 /* Dynamic Notch Utility */;
			targetProxy = 2B9F019E2DDA9DAF001D0F74 /* PBXContainerItemProxy */;
		};
/* End PBXTargetDependency section */

/* Begin XCBuildConfiguration section */
		2B9F01A52DDA9DAF001D0F74 /* Debug */ = {
			isa = XCBuildConfiguration;
			buildSettings = {
				ALWAYS_SEARCH_USER_PATHS = NO;
				ASSETCATALOG_COMPILER_GENERATE_SWIFT_ASSET_SYMBOL_EXTENSIONS = YES;
				CLANG_ANALYZER_NONNULL = YES;
				CLANG_ANALYZER_NUMBER_OBJECT_CONVERSION = YES_AGGRESSIVE;
				CLANG_CXX_LANGUAGE_STANDARD = "gnu++20";
				CLANG_ENABLE_MODULES = YES;
				CLANG_ENABLE_OBJC_ARC = YES;
				CLANG_ENABLE_OBJC_WEAK = YES;
				CLANG_WARN_BLOCK_CAPTURE_AUTORELEASING = YES;
				CLANG_WARN_BOOL_CONVERSION = YES;
				CLANG_WARN_COMMA = YES;
				CLANG_WARN_CONSTANT_CONVERSION = YES;
				CLANG_WARN_DEPRECATED_OBJC_IMPLEMENTATIONS = YES;
				CLANG_WARN_DIRECT_OBJC_ISA_USAGE = YES_ERROR;
				CLANG_WARN_DOCUMENTATION_COMMENTS = YES;
				CLANG_WARN_EMPTY_BODY = YES;
				CLANG_WARN_ENUM_CONVERSION = YES;
				CLANG_WARN_INFINITE_RECURSION = YES;
				CLANG_WARN_INT_CONVERSION = YES;
				CLANG_WARN_NON_LITERAL_NULL_CONVERSION = YES;
				CLANG_WARN_OBJC_IMPLICIT_RETAIN_SELF = YES;
				CLANG_WARN_OBJC_LITERAL_CONVERSION = YES;
				CLANG_WARN_OBJC_ROOT_CLASS = YES_ERROR;
				CLANG_WARN_QUOTED_INCLUDE_IN_FRAMEWORK_HEADER = YES;
				CLANG_WARN_RANGE_LOOP_ANALYSIS = YES;
				CLANG_WARN_STRICT_PROTOTYPES = YES;
				CLANG_WARN_SUSPICIOUS_MOVE = YES;
				CLANG_WARN_UNGUARDED_AVAILABILITY = YES_AGGRESSIVE;
				CLANG_WARN_UNREACHABLE_CODE = YES;
				CLANG_WARN__DUPLICATE_METHOD_MATCH = YES;
				COPY_PHASE_STRIP = NO;
				DEBUG_INFORMATION_FORMAT = dwarf;
				DEVELOPMENT_TEAM = 652WBH475H;
				ENABLE_STRICT_OBJC_MSGSEND = YES;
				ENABLE_TESTABILITY = YES;
				ENABLE_USER_SCRIPT_SANDBOXING = YES;
				GCC_C_LANGUAGE_STANDARD = gnu17;
				GCC_DYNAMIC_NO_PIC = NO;
				GCC_NO_COMMON_BLOCKS = YES;
				GCC_OPTIMIZATION_LEVEL = 0;
				GCC_PREPROCESSOR_DEFINITIONS = (
					"DEBUG=1",
					"$(inherited)",
				);
				GCC_WARN_64_TO_32_BIT_CONVERSION = YES;
				GCC_WARN_ABOUT_RETURN_TYPE = YES_ERROR;
				GCC_WARN_UNDECLARED_SELECTOR = YES;
				GCC_WARN_UNINITIALIZED_AUTOS = YES_AGGRESSIVE;
				GCC_WARN_UNUSED_FUNCTION = YES;
				GCC_WARN_UNUSED_VARIABLE = YES;
				LOCALIZATION_PREFERS_STRING_CATALOGS = YES;
				MACOSX_DEPLOYMENT_TARGET = 15.4;
				MTL_ENABLE_DEBUG_INFO = INCLUDE_SOURCE;
				MTL_FAST_MATH = YES;
				ONLY_ACTIVE_ARCH = YES;
				SDKROOT = macosx;
				SWIFT_ACTIVE_COMPILATION_CONDITIONS = "DEBUG $(inherited)";
				SWIFT_OPTIMIZATION_LEVEL = "-Onone";
			};
			name = Debug;
		};
		2B9F01A62DDA9DAF001D0F74 /* Release */ = {
			isa = XCBuildConfiguration;
			buildSettings = {
				ALWAYS_SEARCH_USER_PATHS = NO;
				ASSETCATALOG_COMPILER_GENERATE_SWIFT_ASSET_SYMBOL_EXTENSIONS = YES;
				CLANG_ANALYZER_NONNULL = YES;
				CLANG_ANALYZER_NUMBER_OBJECT_CONVERSION = YES_AGGRESSIVE;
				CLANG_CXX_LANGUAGE_STANDARD = "gnu++20";
				CLANG_ENABLE_MODULES = YES;
				CLANG_ENABLE_OBJC_ARC = YES;
				CLANG_ENABLE_OBJC_WEAK = YES;
				CLANG_WARN_BLOCK_CAPTURE_AUTORELEASING = YES;
				CLANG_WARN_BOOL_CONVERSION = YES;
				CLANG_WARN_COMMA = YES;
				CLANG_WARN_CONSTANT_CONVERSION = YES;
				CLANG_WARN_DEPRECATED_OBJC_IMPLEMENTATIONS = YES;
				CLANG_WARN_DIRECT_OBJC_ISA_USAGE = YES_ERROR;
				CLANG_WARN_DOCUMENTATION_COMMENTS = YES;
				CLANG_WARN_EMPTY_BODY = YES;
				CLANG_WARN_ENUM_CONVERSION = YES;
				CLANG_WARN_INFINITE_RECURSION = YES;
				CLANG_WARN_INT_CONVERSION = YES;
				CLANG_WARN_NON_LITERAL_NULL_CONVERSION = YES;
				CLANG_WARN_OBJC_IMPLICIT_RETAIN_SELF = YES;
				CLANG_WARN_OBJC_LITERAL_CONVERSION = YES;
				CLANG_WARN_OBJC_ROOT_CLASS = YES_ERROR;
				CLANG_WARN_QUOTED_INCLUDE_IN_FRAMEWORK_HEADER = YES;
				CLANG_WARN_RANGE_LOOP_ANALYSIS = YES;
				CLANG_WARN_STRICT_PROTOTYPES = YES;
				CLANG_WARN_SUSPICIOUS_MOVE = YES;
				CLANG_WARN_UNGUARDED_AVAILABILITY = YES_AGGRESSIVE;
				CLANG_WARN_UNREACHABLE_CODE = YES;
				CLANG_WARN__DUPLICATE_METHOD_MATCH = YES;
				COPY_PHASE_STRIP = NO;
				DEBUG_INFORMATION_FORMAT = "dwarf-with-dsym";
				DEVELOPMENT_TEAM = 652WBH475H;
				ENABLE_NS_ASSERTIONS = NO;
				ENABLE_STRICT_OBJC_MSGSEND = YES;
				ENABLE_USER_SCRIPT_SANDBOXING = YES;
				GCC_C_LANGUAGE_STANDARD = gnu17;
				GCC_NO_COMMON_BLOCKS = YES;
				GCC_WARN_64_TO_32_BIT_CONVERSION = YES;
				GCC_WARN_ABOUT_RETURN_TYPE = YES_ERROR;
				GCC_WARN_UNDECLARED_SELECTOR = YES;
				GCC_WARN_UNINITIALIZED_AUTOS = YES_AGGRESSIVE;
				GCC_WARN_UNUSED_FUNCTION = YES;
				GCC_WARN_UNUSED_VARIABLE = YES;
				LOCALIZATION_PREFERS_STRING_CATALOGS = YES;
				MACOSX_DEPLOYMENT_TARGET = 15.4;
				MTL_ENABLE_DEBUG_INFO = NO;
				MTL_FAST_MATH = YES;
				SDKROOT = macosx;
				SWIFT_COMPILATION_MODE = wholemodule;
			};
			name = Release;
		};
		2B9F01A82DDA9DAF001D0F74 /* Debug */ = {
			isa = XCBuildConfiguration;
			buildSettings = {
				ASSETCATALOG_COMPILER_APPICON_NAME = AppIcon;
				ASSETCATALOG_COMPILER_GLOBAL_ACCENT_COLOR_NAME = AccentColor;
				CODE_SIGN_ENTITLEMENTS = "Dynamic Notch Utility/Dynamic_Notch_Utility.entitlements";
				CODE_SIGN_STYLE = Automatic;
				COMBINE_HIDPI_IMAGES = YES;
				CURRENT_PROJECT_VERSION = 1;
				DEVELOPMENT_TEAM = 652WBH475H;
				ENABLE_HARDENED_RUNTIME = YES;
				ENABLE_PREVIEWS = YES;
				GENERATE_INFOPLIST_FILE = YES;
				INFOPLIST_KEY_NSHumanReadableCopyright = "";
				LD_RUNPATH_SEARCH_PATHS = (
					"$(inherited)",
					"@executable_path/../Frameworks",
				);
				MARKETING_VERSION = 1.0;
				PRODUCT_BUNDLE_IDENTIFIER = "com.bakangmonei.Dynamic-Notch-Utility";
				PRODUCT_NAME = "$(TARGET_NAME)";
				REGISTER_APP_GROUPS = YES;
				SWIFT_EMIT_LOC_STRINGS = YES;
				SWIFT_VERSION = 5.0;
			};
			name = Debug;
		};
		2B9F01A92DDA9DAF001D0F74 /* Release */ = {
			isa = XCBuildConfiguration;
			buildSettings = {
				ASSETCATALOG_COMPILER_APPICON_NAME = AppIcon;
				ASSETCATALOG_COMPILER_GLOBAL_ACCENT_COLOR_NAME = AccentColor;
				CODE_SIGN_ENTITLEMENTS = "Dynamic Notch Utility/Dynamic_Notch_Utility.entitlements";
				CODE_SIGN_STYLE = Automatic;
				COMBINE_HIDPI_IMAGES = YES;
				CURRENT_PROJECT_VERSION = 1;
				DEVELOPMENT_TEAM = 652WBH475H;
				ENABLE_HARDENED_RUNTIME = YES;
				ENABLE_PREVIEWS = YES;
				GENERATE_INFOPLIST_FILE = YES;
				INFOPLIST_KEY_NSHumanReadableCopyright = "";
				LD_RUNPATH_SEARCH_PATHS = (
					"$(inherited)",
					"@executable_path/../Frameworks",
				);
				MARKETING_VERSION = 1.0;
				PRODUCT_BUNDLE_IDENTIFIER = "com.bakangmonei.Dynamic-Notch-Utility";
				PRODUCT_NAME = "$(TARGET_NAME)";
				REGISTER_APP_GROUPS = YES;
				SWIFT_EMIT_LOC_STRINGS = YES;
				SWIFT_VERSION = 5.0;
			};
			name = Release;
		};
		2B9F01AB2DDA9DAF001D0F74 /* Debug */ = {
			isa = XCBuildConfiguration;
			buildSettings = {
				BUNDLE_LOADER = "$(TEST_HOST)";
				CODE_SIGN_STYLE = Automatic;
				CURRENT_PROJECT_VERSION = 1;
				DEVELOPMENT_TEAM = 652WBH475H;
				GENERATE_INFOPLIST_FILE = YES;
				MACOSX_DEPLOYMENT_TARGET = 15.4;
				MARKETING_VERSION = 1.0;
				PRODUCT_BUNDLE_IDENTIFIER = "com.bakangmonei.Dynamic-Notch-UtilityTests";
				PRODUCT_NAME = "$(TARGET_NAME)";
				SWIFT_EMIT_LOC_STRINGS = NO;
				SWIFT_VERSION = 5.0;
				TEST_HOST = "$(BUILT_PRODUCTS_DIR)/Dynamic Notch Utility.app/$(BUNDLE_EXECUTABLE_FOLDER_PATH)/Dynamic Notch Utility";
			};
			name = Debug;
		};
		2B9F01AC2DDA9DAF001D0F74 /* Release */ = {
			isa = XCBuildConfiguration;
			buildSettings = {
				BUNDLE_LOADER = "$(TEST_HOST)";
				CODE_SIGN_STYLE = Automatic;
				CURRENT_PROJECT_VERSION = 1;
				DEVELOPMENT_TEAM = 652WBH475H;
				GENERATE_INFOPLIST_FILE = YES;
				MACOSX_DEPLOYMENT_TARGET = 15.4;
				MARKETING_VERSION = 1.0;
				PRODUCT_BUNDLE_IDENTIFIER = "com.bakangmonei.Dynamic-Notch-UtilityTests";
				PRODUCT_NAME = "$(TARGET_NAME)";
				SWIFT_EMIT_LOC_STRINGS = NO;
				SWIFT_VERSION = 5.0;
				TEST_HOST = "$(BUILT_PRODUCTS_DIR)/Dynamic Notch Utility.app/$(BUNDLE_EXECUTABLE_FOLDER_PATH)/Dynamic Notch Utility";
			};
			name = Release;
		};
		2B9F01AE2DDA9DAF001D0F74 /* Debug */ = {
			isa = XCBuildConfiguration;
			buildSettings = {
				CODE_SIGN_STYLE = Automatic;
				CURRENT_PROJECT_VERSION = 1;
				DEVELOPMENT_TEAM = 652WBH475H;
				GENERATE_INFOPLIST_FILE = YES;
				MARKETING_VERSION = 1.0;
				PRODUCT_BUNDLE_IDENTIFIER = "com.bakangmonei.Dynamic-Notch-UtilityUITests";
				PRODUCT_NAME = "$(TARGET_NAME)";
				SWIFT_EMIT_LOC_STRINGS = NO;
				SWIFT_VERSION = 5.0;
				TEST_TARGET_NAME = "Dynamic Notch Utility";
			};
			name = Debug;
		};
		2B9F01AF2DDA9DAF001D0F74 /* Release */ = {
			isa = XCBuildConfiguration;
			buildSettings = {
				CODE_SIGN_STYLE = Automatic;
				CURRENT_PROJECT_VERSION = 1;
				DEVELOPMENT_TEAM = 652WBH475H;
				GENERATE_INFOPLIST_FILE = YES;
				MARKETING_VERSION = 1.0;
				PRODUCT_BUNDLE_IDENTIFIER = "com.bakangmonei.Dynamic-Notch-UtilityUITests";
				PRODUCT_NAME = "$(TARGET_NAME)";
				SWIFT_EMIT_LOC_STRINGS = NO;
				SWIFT_VERSION = 5.0;
				TEST_TARGET_NAME = "Dynamic Notch Utility";
			};
			name = Release;
		};
/* End XCBuildConfiguration section */

/* Begin XCConfigurationList section */
		2B9F01802DDA9DAC001D0F74 /* Build configuration list for PBXProject "Dynamic Notch Utility" */ = {
			isa = XCConfigurationList;
			buildConfigurations = (
				2B9F01A52DDA9DAF001D0F74 /* Debug */,
				2B9F01A62DDA9DAF001D0F74 /* Release */,
			);
			defaultConfigurationIsVisible = 0;
			defaultConfigurationName = Release;
		};
		2B9F01A72DDA9DAF001D0F74 /* Build configuration list for PBXNativeTarget "Dynamic Notch Utility" */ = {
			isa = XCConfigurationList;
			buildConfigurations = (
				2B9F01A82DDA9DAF001D0F74 /* Debug */,
				2B9F01A92DDA9DAF001D0F74 /* Release */,
			);
			defaultConfigurationIsVisible = 0;
			defaultConfigurationName = Release;
		};
		2B9F01AA2DDA9DAF001D0F74 /* Build configuration list for PBXNativeTarget "Dynamic Notch UtilityTests" */ = {
			isa = XCConfigurationList;
			buildConfigurations = (
				2B9F01AB2DDA9DAF001D0F74 /* Debug */,
				2B9F01AC2DDA9DAF001D0F74 /* Release */,
			);
			defaultConfigurationIsVisible = 0;
			defaultConfigurationName = Release;
		};
		2B9F01AD2DDA9DAF001D0F74 /* Build configuration list for PBXNativeTarget "Dynamic Notch UtilityUITests" */ = {
			isa = XCConfigurationList;
			buildConfigurations = (
				2B9F01AE2DDA9DAF001D0F74 /* Debug */,
				2B9F01AF2DDA9DAF001D0F74 /* Release */,
			);
			defaultConfigurationIsVisible = 0;
			defaultConfigurationName = Release;
		};
/* End XCConfigurationList section */
	};
	rootObject = 2B9F017D2DDA9DAC001D0F74 /* Project object */;
}
